
Microsoft Visual Studio Solution File, Format Version 12.00
# Visual Studio Version 17
VisualStudioVersion = 17.11.35327.3
MinimumVisualStudioVersion = 10.0.40219.1
Project("{FAE04EC0-301F-11D3-BF4B-00C04F79EFBC}") = "TextStream", "TextStream\TextStream.csproj", "{50EE3214-90E4-4B4A-88AF-B852C725B572}"
EndProject
Global
	GlobalSection(SolutionConfigurationPlatforms) = preSolution
		Debug|Any CPU = Debug|Any CPU
		Release|Any CPU = Release|Any CPU
	EndGlobalSection
	GlobalSection(ProjectConfigurationPlatforms) = postSolution
		{50EE3214-90E4-4B4A-88AF-B852C725B572}.Debug|Any CPU.ActiveCfg = Debug|Any CPU
		{50EE3214-90E4-4B4A-88AF-B852C725B572}.Debug|Any CPU.Build.0 = Debug|Any CPU
		{50EE3214-90E4-4B4A-88AF-B852C725B572}.Release|Any CPU.ActiveCfg = Release|Any CPU
		{50EE3214-90E4-4B4A-88AF-B852C725B572}.Release|Any CPU.Build.0 = Release|Any CPU
	EndGlobalSection
	GlobalSection(SolutionProperties) = preSolution
		HideSolutionNode = FALSE
	EndGlobalSection
	GlobalSection(ExtensibilityGlobals) = postSolution
		SolutionGuid = {3E1E0CB5-94C6-4C8F-8BAC-10B8FC5ECA18}
	EndGlobalSection
EndGlobal
